
Microsoft Visual Studio Solution File, Format Version 12.00
# Visual Studio Version 17
VisualStudioVersion = 17.8.34330.188
MinimumVisualStudioVersion = 10.0.40219.1
Project("{FAE04EC0-301F-11D3-BF4B-00C04F79EFBC}") = "ASP_NET_1", "ASP_NET_1\ASP_NET_1.csproj", "{5A43498A-C98C-4934-9103-FECA8E0ED0E7}"
EndProject
Project("{FAE04EC0-301F-11D3-BF4B-00C04F79EFBC}") = "test", "test\test.csproj", "{023C0402-CB33-48C3-B0A5-971D21A07552}"
EndProject
Global
	GlobalSection(SolutionConfigurationPlatforms) = preSolution
		Debug|Any CPU = Debug|Any CPU
		Release|Any CPU = Release|Any CPU
	EndGlobalSection
	GlobalSection(ProjectConfigurationPlatforms) = postSolution
		{5A43498A-C98C-4934-9103-FECA8E0ED0E7}.Debug|Any CPU.ActiveCfg = Debug|Any CPU
		{5A43498A-C98C-4934-9103-FECA8E0ED0E7}.Debug|Any CPU.Build.0 = Debug|Any CPU
		{5A43498A-C98C-4934-9103-FECA8E0ED0E7}.Release|Any CPU.ActiveCfg = Release|Any CPU
		{5A43498A-C98C-4934-9103-FECA8E0ED0E7}.Release|Any CPU.Build.0 = Release|Any CPU
		{023C0402-CB33-48C3-B0A5-971D21A07552}.Debug|Any CPU.ActiveCfg = Debug|Any CPU
		{023C0402-CB33-48C3-B0A5-971D21A07552}.Debug|Any CPU.Build.0 = Debug|Any CPU
		{023C0402-CB33-48C3-B0A5-971D21A07552}.Release|Any CPU.ActiveCfg = Release|Any CPU
		{023C0402-CB33-48C3-B0A5-971D21A07552}.Release|Any CPU.Build.0 = Release|Any CPU
	EndGlobalSection
	GlobalSection(SolutionProperties) = preSolution
		HideSolutionNode = FALSE
	EndGlobalSection
	GlobalSection(ExtensibilityGlobals) = postSolution
		SolutionGuid = {20CA2E8D-4BE0-41C3-9300-FCC5463FF1A2}
	EndGlobalSection
EndGlobal
